
Microsoft Visual Studio Solution File, Format Version 12.00
# Visual Studio Version 17
VisualStudioVersion = 17.10.34928.147
MinimumVisualStudioVersion = 10.0.40219.1
Project("{FAE04EC0-301F-11D3-BF4B-00C04F79EFBC}") = "AStar", "AStar.csproj", "{BB2758D7-EA71-4B2A-99A8-A50D86253C77}"
EndProject
Global
	GlobalSection(SolutionConfigurationPlatforms) = preSolution
		Debug|Any CPU = Debug|Any CPU
		Release|Any CPU = Release|Any CPU
	EndGlobalSection
	GlobalSection(ProjectConfigurationPlatforms) = postSolution
		{BB2758D7-EA71-4B2A-99A8-A50D86253C77}.Debug|Any CPU.ActiveCfg = Debug|Any CPU
		{BB2758D7-EA71-4B2A-99A8-A50D86253C77}.Debug|Any CPU.Build.0 = Debug|Any CPU
		{BB2758D7-EA71-4B2A-99A8-A50D86253C77}.Release|Any CPU.ActiveCfg = Release|Any CPU
		{BB2758D7-EA71-4B2A-99A8-A50D86253C77}.Release|Any CPU.Build.0 = Release|Any CPU
	EndGlobalSection
	GlobalSection(SolutionProperties) = preSolution
		HideSolutionNode = FALSE
	EndGlobalSection
	GlobalSection(ExtensibilityGlobals) = postSolution
		SolutionGuid = {D030A5FB-741B-4FE0-AF5A-80E7CE2CAE65}
	EndGlobalSection
EndGlobal
